<?xml version="1.0" encoding="utf-8"?>
<Project ToolsVersion="4.0" xmlns="http://schemas.microsoft.com/developer/msbuild/2003">
  <ItemGroup>
    <Filter Include="Source Files">
      <UniqueIdentifier>{4FC737F1-C7A5-4376-A066-2A32D752A2FF}</UniqueIdentifier>
      <Extensions>cpp;c;cc;cxx;c++;cppm;ixx;def;odl;idl;hpj;bat;asm;asmx</Extensions>
    </Filter>
    <Filter Include="Header Files">
      <UniqueIdentifier>{93995380-89BD-4b04-88EB-625FBE52EBFB}</UniqueIdentifier>
      <Extensions>h;hh;hpp;hxx;h++;hm;inl;inc;ipp;xsd</Extensions>
    </Filter>
    <Filter Include="Resource Files">
      <UniqueIdentifier>{67DA6AB6-F800-4c08-8B7A-83BB121AAD01}</UniqueIdentifier>
      <Extensions>rc;ico;cur;bmp;dlg;rc2;rct;bin;rgs;gif;jpg;jpeg;jpe;resx;tiff;tif;png;wav;mfcribbon-ms</Extensions>
    </Filter>
  </ItemGroup>
  <ItemGroup>
    <ClCompile Include="MyForm.cpp">
      <Filter>Source Files</Filter>
    </ClCompile>
    <ClCompile Include="FrmStart.cpp">
      <Filter>Source Files</Filter>
    </ClCompile>
    <ClCompile Include="FrmCreditos.cpp">
      <Filter>Source Files</Filter>
    </ClCompile>
    <ClCompile Include="FrmInstrucciones.cpp">
      <Filter>Source Files</Filter>
    </ClCompile>
    <ClCompile Include="FrmDificultad1.cpp">
      <Filter>Source Files</Filter>
    </ClCompile>
    <ClCompile Include="MyForm1.cpp">
      <Filter>Source Files</Filter>
    </ClCompile>
  </ItemGroup>
  <ItemGroup>
    <ClInclude Include="MyForm.h">
      <Filter>Header Files</Filter>
    </ClInclude>
    <ClInclude Include="FrmStart.h">
      <Filter>Header Files</Filter>
    </ClInclude>
    <ClInclude Include="FrmCreditos.h">
      <Filter>Header Files</Filter>
    </ClInclude>
    <ClInclude Include="FrmInstrucciones.h">
      <Filter>Header Files</Filter>
    </ClInclude>
    <ClInclude Include="FrmDificultad1.h">
      <Filter>Header Files</Filter>
    </ClInclude>
    <ClInclude Include="MyForm1.h">
      <Filter>Header Files</Filter>
    </ClInclude>
    <ClInclude Include="Aliado.h">
      <Filter>Header Files</Filter>
    </ClInclude>
    <ClInclude Include="Controller.h">
      <Filter>Header Files</Filter>
    </ClInclude>
    <ClInclude Include="Enemigo.h">
      <Filter>Header Files</Filter>
    </ClInclude>
    <ClInclude Include="Entidad.h">
      <Filter>Header Files</Filter>
    </ClInclude>
    <ClInclude Include="Heroe.h">
      <Filter>Header Files</Filter>
    </ClInclude>
    <ClInclude Include="Municion.h">
      <Filter>Header Files</Filter>
    </ClInclude>
    <ClInclude Include="Proyectil.h">
      <Filter>Header Files</Filter>
    </ClInclude>
    <ClInclude Include="Virus.h">
      <Filter>Header Files</Filter>
    </ClInclude>
  </ItemGroup>
</Project>